{
  "name": "feedreader-master",
  "version": "1.0.0",
  "lockfileVersion": 1,
  "requires": true,
  "dependencies": {
    "@types/jasmine": {
      "version": "3.3.8",
      "resolved": "https://registry.npmjs.org/@types/jasmine/-/jasmine-3.3.8.tgz",
      "integrity": "sha512-BaOFpaddRVV8qykJoWHrHtamml880oh0+DIZWbtJgx0pu+KhDF1gER5hSfCIfzyMrbjMuYFnLUfyo1l0JUVU3Q==",
      "dev": true
    }
  }
}
